{
  "name": "exdraw",
  "version": "0.1.0",
  "lockfileVersion": 3,
  "requires": true,
  "packages": {
    "": {
      "name": "exdraw",
      "version": "0.1.0",
      "license": "MIT",
      "dependencies": {
        "fractional-indexing": "^4.0.0"
      },
      "bin": {
        "exdraw": "bin/exdraw.js"
      },
      "engines": {
        "node": ">=18"
      }
    },
    "node_modules/fractional-indexing": {
      "version": "4.0.0",
      "resolved": "https://registry.npmjs.org/fractional-indexing/-/fractional-indexing-4.0.0.tgz",
      "integrity": "sha512-Nr2P1Yyaj2sy1Qdt/wI3GcByxrUdbSKg5+cGvw8f18hT2SkQt6V72iOjBpk7IO3UkzBsdlGRs2a4z6dLrJprgw==",
      "license": "CC0-1.0",
      "engines": {
        "node": "^14.13.1 || >=16.0.0"
      }
    }
  }
}
